# This file is autogenerated, do not edit; changes may be undone by the next 'dep ensure'.


[[projects]]
  digest = "1:991bb96360eb8db70a40e9c496769fe6a7bbac4047f8376494d9837397078327"
  name = "github.com/go-redis/redis"
  packages = [
    ".",
    "internal",
    "internal/consistenthash",
    "internal/hashtag",
    "internal/pool",
    "internal/proto",
    "internal/singleflight",
    "internal/util",
  ]
  pruneopts = "UT"
  revision = "480db94d33e6088e08d628833b6c0705451d24bb"
  version = "v6.13.2"

[[projects]]
  digest = "1:43dd08a10854b2056e615d1b1d22ac94559d822e1f8b6fcc92c1a1057e85188e"
  name = "github.com/gorilla/websocket"
  packages = ["."]
  pruneopts = "UT"
  revision = "ea4d1f681babbce9545c9c5f3d5194a789c89f5b"
  version = "v1.2.0"

[[projects]]
  digest = "1:70e697d67ccaec45e16bac3a32380ebcd9e7e071079c60d0171d42cf1cf9748a"
  name = "github.com/joho/godotenv"
  packages = ["."]
  pruneopts = "UT"
  revision = "a79fa1e548e2c689c241d10173efd51e5d689d5b"
  version = "v1.2.0"

[[projects]]
  digest = "1:61ea64ea85bca606501bd4372950258aeb6dca521262bc32e211a57d736414c5"
  name = "github.com/nicklasos/golimiter"
  packages = ["."]
  pruneopts = "UT"
  revision = "5ab6158fbd4c84dc648a0c6f00de2741fa4ee017"
  version = "0.0.3"

[[projects]]
  branch = "master"
  digest = "1:0c088044c1c1ee83e723692442df4fec9b3f2e57f7a99773485c97adfbc31695"
  name = "github.com/streadway/amqp"
  packages = ["."]
  pruneopts = "UT"
  revision = "70e15c650864f4fc47f5d3c82ea117285480895d"

[[projects]]
  branch = "master"
  digest = "1:30d7b01d02b2705c10274b5110968918c9e3a5a52dae90b40463f6923becd52a"
  name = "github.com/tomasen/realip"
  packages = ["."]
  pruneopts = "UT"
  revision = "f0c99a92ddcedd3964a269d23c8e89d9a9229be6"

[[projects]]
  branch = "master"
  digest = "1:9fdc2b55e8e0fafe4b41884091e51e77344f7dc511c5acedcfd98200003bff90"
  name = "golang.org/x/time"
  packages = ["rate"]
  pruneopts = "UT"
  revision = "9d24e82272b4f38b78bc8cff74fa936d31ccd8ef"

[solve-meta]
  analyzer-name = "dep"
  analyzer-version = 1
  input-imports = [
    "github.com/go-redis/redis",
    "github.com/gorilla/websocket",
    "github.com/joho/godotenv",
    "github.com/nicklasos/golimiter",
    "github.com/streadway/amqp",
    "github.com/tomasen/realip",
  ]
  solver-name = "gps-cdcl"
  solver-version = 1
